
Microsoft Visual Studio Solution File, Format Version 12.00
# Visual Studio 2013
VisualStudioVersion = 12.0.31101.0
MinimumVisualStudioVersion = 10.0.40219.1
Project("{FAE04EC0-301F-11D3-BF4B-00C04F79EFBC}") = "ENTech.Store.Infrastructure", "ENTech.Store.Infrastructure\ENTech.Store.Infrastructure.csproj", "{7D581130-B9A8-4E44-9562-67E41697A123}"
EndProject
Project("{FAE04EC0-301F-11D3-BF4B-00C04F79EFBC}") = "ENTech.Store.Entities", "ENTech.Store.Entities\ENTech.Store.Entities.csproj", "{26B48B70-7CF1-4BE9-9D14-CE616B4CF7AA}"
EndProject
Project("{FAE04EC0-301F-11D3-BF4B-00C04F79EFBC}") = "ENTech.Store.Migrations", "ENTech.Store.Migrations\ENTech.Store.Migrations.csproj", "{25AAF77B-7979-4351-9499-42EFA008A5D4}"
EndProject
Project("{FAE04EC0-301F-11D3-BF4B-00C04F79EFBC}") = "ENTech.Store.Api", "ENTech.Store.Api\ENTech.Store.Api.csproj", "{8E06B374-3381-4648-AF3C-934743798CE9}"
EndProject
Project("{FAE04EC0-301F-11D3-BF4B-00C04F79EFBC}") = "ENTech.Store.Api.ForStoreAdmin", "ENTech.Store.Api.ForStoreAdmin\ENTech.Store.Api.ForStoreAdmin.csproj", "{79C917D2-AD5F-4837-8501-067899065C68}"
EndProject
Project("{FAE04EC0-301F-11D3-BF4B-00C04F79EFBC}") = "ENTech.Store.Services", "ENTech.Store.Services\ENTech.Store.Services.csproj", "{9E5FE2B8-A8F3-4AB7-AF38-127D1894A978}"
EndProject
Project("{FAE04EC0-301F-11D3-BF4B-00C04F79EFBC}") = "ENTech.Store.Services.UnitTests", "ENTech.Store.Services.UnitTests\ENTech.Store.Services.UnitTests.csproj", "{53A2293D-6CCC-40CF-BFEF-81AEE95E4104}"
EndProject
Project("{FAE04EC0-301F-11D3-BF4B-00C04F79EFBC}") = "ENTech.Store.Infrastructure.UnitTests", "ENTech.Store.Infrastructure.UnitTests\ENTech.Store.Infrastructure.UnitTests.csproj", "{F90491F4-7D50-471D-91AF-AF5FAA6C3CAE}"
EndProject
Project("{FAE04EC0-301F-11D3-BF4B-00C04F79EFBC}") = "ENTech.Store.Api.ForStoreAdmin.FunctionalTests", "ENTech.Store.Api.ForStoreAdmin.FunctionalTests\ENTech.Store.Api.ForStoreAdmin.FunctionalTests.csproj", "{BEDF753D-D1A3-487A-AE1B-0DCF28B1CD9D}"
EndProject
Global
	GlobalSection(SolutionConfigurationPlatforms) = preSolution
		Debug|Any CPU = Debug|Any CPU
		Release|Any CPU = Release|Any CPU
	EndGlobalSection
	GlobalSection(ProjectConfigurationPlatforms) = postSolution
		{7D581130-B9A8-4E44-9562-67E41697A123}.Debug|Any CPU.ActiveCfg = Debug|Any CPU
		{7D581130-B9A8-4E44-9562-67E41697A123}.Debug|Any CPU.Build.0 = Debug|Any CPU
		{7D581130-B9A8-4E44-9562-67E41697A123}.Release|Any CPU.ActiveCfg = Release|Any CPU
		{7D581130-B9A8-4E44-9562-67E41697A123}.Release|Any CPU.Build.0 = Release|Any CPU
		{26B48B70-7CF1-4BE9-9D14-CE616B4CF7AA}.Debug|Any CPU.ActiveCfg = Debug|Any CPU
		{26B48B70-7CF1-4BE9-9D14-CE616B4CF7AA}.Debug|Any CPU.Build.0 = Debug|Any CPU
		{26B48B70-7CF1-4BE9-9D14-CE616B4CF7AA}.Release|Any CPU.ActiveCfg = Release|Any CPU
		{26B48B70-7CF1-4BE9-9D14-CE616B4CF7AA}.Release|Any CPU.Build.0 = Release|Any CPU
		{25AAF77B-7979-4351-9499-42EFA008A5D4}.Debug|Any CPU.ActiveCfg = Debug|Any CPU
		{25AAF77B-7979-4351-9499-42EFA008A5D4}.Debug|Any CPU.Build.0 = Debug|Any CPU
		{25AAF77B-7979-4351-9499-42EFA008A5D4}.Release|Any CPU.ActiveCfg = Release|Any CPU
		{25AAF77B-7979-4351-9499-42EFA008A5D4}.Release|Any CPU.Build.0 = Release|Any CPU
		{8E06B374-3381-4648-AF3C-934743798CE9}.Debug|Any CPU.ActiveCfg = Debug|Any CPU
		{8E06B374-3381-4648-AF3C-934743798CE9}.Debug|Any CPU.Build.0 = Debug|Any CPU
		{8E06B374-3381-4648-AF3C-934743798CE9}.Release|Any CPU.ActiveCfg = Release|Any CPU
		{8E06B374-3381-4648-AF3C-934743798CE9}.Release|Any CPU.Build.0 = Release|Any CPU
		{79C917D2-AD5F-4837-8501-067899065C68}.Debug|Any CPU.ActiveCfg = Debug|Any CPU
		{79C917D2-AD5F-4837-8501-067899065C68}.Debug|Any CPU.Build.0 = Debug|Any CPU
		{79C917D2-AD5F-4837-8501-067899065C68}.Release|Any CPU.ActiveCfg = Release|Any CPU
		{79C917D2-AD5F-4837-8501-067899065C68}.Release|Any CPU.Build.0 = Release|Any CPU
		{9E5FE2B8-A8F3-4AB7-AF38-127D1894A978}.Debug|Any CPU.ActiveCfg = Debug|Any CPU
		{9E5FE2B8-A8F3-4AB7-AF38-127D1894A978}.Debug|Any CPU.Build.0 = Debug|Any CPU
		{9E5FE2B8-A8F3-4AB7-AF38-127D1894A978}.Release|Any CPU.ActiveCfg = Release|Any CPU
		{9E5FE2B8-A8F3-4AB7-AF38-127D1894A978}.Release|Any CPU.Build.0 = Release|Any CPU
		{53A2293D-6CCC-40CF-BFEF-81AEE95E4104}.Debug|Any CPU.ActiveCfg = Debug|Any CPU
		{53A2293D-6CCC-40CF-BFEF-81AEE95E4104}.Debug|Any CPU.Build.0 = Debug|Any CPU
		{53A2293D-6CCC-40CF-BFEF-81AEE95E4104}.Release|Any CPU.ActiveCfg = Release|Any CPU
		{53A2293D-6CCC-40CF-BFEF-81AEE95E4104}.Release|Any CPU.Build.0 = Release|Any CPU
		{F90491F4-7D50-471D-91AF-AF5FAA6C3CAE}.Debug|Any CPU.ActiveCfg = Debug|Any CPU
		{F90491F4-7D50-471D-91AF-AF5FAA6C3CAE}.Debug|Any CPU.Build.0 = Debug|Any CPU
		{F90491F4-7D50-471D-91AF-AF5FAA6C3CAE}.Release|Any CPU.ActiveCfg = Release|Any CPU
		{F90491F4-7D50-471D-91AF-AF5FAA6C3CAE}.Release|Any CPU.Build.0 = Release|Any CPU
		{BEDF753D-D1A3-487A-AE1B-0DCF28B1CD9D}.Debug|Any CPU.ActiveCfg = Debug|Any CPU
		{BEDF753D-D1A3-487A-AE1B-0DCF28B1CD9D}.Debug|Any CPU.Build.0 = Debug|Any CPU
		{BEDF753D-D1A3-487A-AE1B-0DCF28B1CD9D}.Release|Any CPU.ActiveCfg = Release|Any CPU
		{BEDF753D-D1A3-487A-AE1B-0DCF28B1CD9D}.Release|Any CPU.Build.0 = Release|Any CPU
	EndGlobalSection
	GlobalSection(SolutionProperties) = preSolution
		HideSolutionNode = FALSE
	EndGlobalSection
EndGlobal
