
Microsoft Visual Studio Solution File, Format Version 12.00
# Visual Studio 2013
VisualStudioVersion = 12.0.31101.0
MinimumVisualStudioVersion = 10.0.40219.1
Project("{FAE04EC0-301F-11D3-BF4B-00C04F79EFBC}") = "ENTech.Store.Infrastructure", "ENTech.Store.Infrastructure\ENTech.Store.Infrastructure.csproj", "{7D581130-B9A8-4E44-9562-67E41697A123}"
EndProject
Project("{FAE04EC0-301F-11D3-BF4B-00C04F79EFBC}") = "ENTech.Store.Entities", "ENTech.Store.Entities\ENTech.Store.Entities.csproj", "{26B48B70-7CF1-4BE9-9D14-CE616B4CF7AA}"
EndProject
Project("{FAE04EC0-301F-11D3-BF4B-00C04F79EFBC}") = "ENTech.Store.Migrations", "ENTech.Store.Migrations\ENTech.Store.Migrations.csproj", "{25AAF77B-7979-4351-9499-42EFA008A5D4}"
EndProject
Project("{FAE04EC0-301F-11D3-BF4B-00C04F79EFBC}") = "ENTech.Store.Api", "ENTech.Store.Api\ENTech.Store.Api.csproj", "{8E06B374-3381-4648-AF3C-934743798CE9}"
EndProject
Project("{FAE04EC0-301F-11D3-BF4B-00C04F79EFBC}") = "ENTech.Store.Api.ForStoreAdmin", "ENTech.Store.Api.ForStoreAdmin\ENTech.Store.Api.ForStoreAdmin.csproj", "{79C917D2-AD5F-4837-8501-067899065C68}"
EndProject
Project("{FAE04EC0-301F-11D3-BF4B-00C04F79EFBC}") = "ENTech.Store.Services", "ENTech.Store.Services\ENTech.Store.Services.csproj", "{9E5FE2B8-A8F3-4AB7-AF38-127D1894A978}"
EndProject
Project("{FAE04EC0-301F-11D3-BF4B-00C04F79EFBC}") = "ENTech.Store.Services.Tests", "ENTech.Store.Services.Tests\ENTech.Store.Services.Tests.csproj", "{3363DEB6-2102-4EAB-8326-A2E197D1BF69}"
EndProject
Project("{FAE04EC0-301F-11D3-BF4B-00C04F79EFBC}") = "ENTech.Store.Infrastructure.Database", "ENTech.Store.Infrastructure.Database\ENTech.Store.Infrastructure.Database.csproj", "{1152AA7A-F788-4291-8B0D-C1117D1C7A08}"
EndProject
Project("{FAE04EC0-301F-11D3-BF4B-00C04F79EFBC}") = "ENTech.Store.Infrastructure.Database.EF6", "ENTech.Store.Infrastructure.Database.EF6\ENTech.Store.Infrastructure.Database.EF6.csproj", "{93C02513-AFFB-43A0-AF4B-B5468987CC9E}"
EndProject
Project("{FAE04EC0-301F-11D3-BF4B-00C04F79EFBC}") = "ENTech.Store.Infrastructure.Database.EF6.Tests", "ENTech.Store.Infrastructure.Database.EF6.Tests\ENTech.Store.Infrastructure.Database.EF6.Tests.csproj", "{D846A21A-0556-4139-9E3A-2ADCFA50F0B5}"
EndProject
Global
	GlobalSection(SolutionConfigurationPlatforms) = preSolution
		Debug|Any CPU = Debug|Any CPU
		Release|Any CPU = Release|Any CPU
	EndGlobalSection
	GlobalSection(ProjectConfigurationPlatforms) = postSolution
		{7D581130-B9A8-4E44-9562-67E41697A123}.Debug|Any CPU.ActiveCfg = Debug|Any CPU
		{7D581130-B9A8-4E44-9562-67E41697A123}.Debug|Any CPU.Build.0 = Debug|Any CPU
		{7D581130-B9A8-4E44-9562-67E41697A123}.Release|Any CPU.ActiveCfg = Release|Any CPU
		{7D581130-B9A8-4E44-9562-67E41697A123}.Release|Any CPU.Build.0 = Release|Any CPU
		{26B48B70-7CF1-4BE9-9D14-CE616B4CF7AA}.Debug|Any CPU.ActiveCfg = Debug|Any CPU
		{26B48B70-7CF1-4BE9-9D14-CE616B4CF7AA}.Debug|Any CPU.Build.0 = Debug|Any CPU
		{26B48B70-7CF1-4BE9-9D14-CE616B4CF7AA}.Release|Any CPU.ActiveCfg = Release|Any CPU
		{26B48B70-7CF1-4BE9-9D14-CE616B4CF7AA}.Release|Any CPU.Build.0 = Release|Any CPU
		{25AAF77B-7979-4351-9499-42EFA008A5D4}.Debug|Any CPU.ActiveCfg = Debug|Any CPU
		{25AAF77B-7979-4351-9499-42EFA008A5D4}.Debug|Any CPU.Build.0 = Debug|Any CPU
		{25AAF77B-7979-4351-9499-42EFA008A5D4}.Release|Any CPU.ActiveCfg = Release|Any CPU
		{25AAF77B-7979-4351-9499-42EFA008A5D4}.Release|Any CPU.Build.0 = Release|Any CPU
		{8E06B374-3381-4648-AF3C-934743798CE9}.Debug|Any CPU.ActiveCfg = Debug|Any CPU
		{8E06B374-3381-4648-AF3C-934743798CE9}.Debug|Any CPU.Build.0 = Debug|Any CPU
		{8E06B374-3381-4648-AF3C-934743798CE9}.Release|Any CPU.ActiveCfg = Release|Any CPU
		{8E06B374-3381-4648-AF3C-934743798CE9}.Release|Any CPU.Build.0 = Release|Any CPU
		{79C917D2-AD5F-4837-8501-067899065C68}.Debug|Any CPU.ActiveCfg = Debug|Any CPU
		{79C917D2-AD5F-4837-8501-067899065C68}.Debug|Any CPU.Build.0 = Debug|Any CPU
		{79C917D2-AD5F-4837-8501-067899065C68}.Release|Any CPU.ActiveCfg = Release|Any CPU
		{79C917D2-AD5F-4837-8501-067899065C68}.Release|Any CPU.Build.0 = Release|Any CPU
		{9E5FE2B8-A8F3-4AB7-AF38-127D1894A978}.Debug|Any CPU.ActiveCfg = Debug|Any CPU
		{9E5FE2B8-A8F3-4AB7-AF38-127D1894A978}.Debug|Any CPU.Build.0 = Debug|Any CPU
		{9E5FE2B8-A8F3-4AB7-AF38-127D1894A978}.Release|Any CPU.ActiveCfg = Release|Any CPU
		{9E5FE2B8-A8F3-4AB7-AF38-127D1894A978}.Release|Any CPU.Build.0 = Release|Any CPU
		{3363DEB6-2102-4EAB-8326-A2E197D1BF69}.Debug|Any CPU.ActiveCfg = Debug|Any CPU
		{3363DEB6-2102-4EAB-8326-A2E197D1BF69}.Debug|Any CPU.Build.0 = Debug|Any CPU
		{3363DEB6-2102-4EAB-8326-A2E197D1BF69}.Release|Any CPU.ActiveCfg = Release|Any CPU
		{3363DEB6-2102-4EAB-8326-A2E197D1BF69}.Release|Any CPU.Build.0 = Release|Any CPU
		{1152AA7A-F788-4291-8B0D-C1117D1C7A08}.Debug|Any CPU.ActiveCfg = Debug|Any CPU
		{1152AA7A-F788-4291-8B0D-C1117D1C7A08}.Debug|Any CPU.Build.0 = Debug|Any CPU
		{1152AA7A-F788-4291-8B0D-C1117D1C7A08}.Release|Any CPU.ActiveCfg = Release|Any CPU
		{1152AA7A-F788-4291-8B0D-C1117D1C7A08}.Release|Any CPU.Build.0 = Release|Any CPU
		{93C02513-AFFB-43A0-AF4B-B5468987CC9E}.Debug|Any CPU.ActiveCfg = Debug|Any CPU
		{93C02513-AFFB-43A0-AF4B-B5468987CC9E}.Debug|Any CPU.Build.0 = Debug|Any CPU
		{93C02513-AFFB-43A0-AF4B-B5468987CC9E}.Release|Any CPU.ActiveCfg = Release|Any CPU
		{93C02513-AFFB-43A0-AF4B-B5468987CC9E}.Release|Any CPU.Build.0 = Release|Any CPU
		{D846A21A-0556-4139-9E3A-2ADCFA50F0B5}.Debug|Any CPU.ActiveCfg = Debug|Any CPU
		{D846A21A-0556-4139-9E3A-2ADCFA50F0B5}.Debug|Any CPU.Build.0 = Debug|Any CPU
		{D846A21A-0556-4139-9E3A-2ADCFA50F0B5}.Release|Any CPU.ActiveCfg = Release|Any CPU
		{D846A21A-0556-4139-9E3A-2ADCFA50F0B5}.Release|Any CPU.Build.0 = Release|Any CPU
	EndGlobalSection
	GlobalSection(SolutionProperties) = preSolution
		HideSolutionNode = FALSE
	EndGlobalSection
EndGlobal
